// !$*UTF8*$!
{
	archiveVersion = 1;
	classes = {
	};
	objectVersion = 46;
	objects = {

/* Begin PBXBuildFile section */
		180604BB1A25CE5E00576525 /* selected@2x.png in Resources */ = {isa = PBXBuildFile; fileRef = 180604BA1A25CE5E00576525 /* selected@2x.png */; };
		180604BF1A25D2C100576525 /* favorite@2x.png in Resources */ = {isa = PBXBuildFile; fileRef = 180604BE1A25D2C100576525 /* favorite@2x.png */; };
		180604C21A25F0F300576525 /* NPTelephonModalityControllerView.m in Sources */ = {isa = PBXBuildFile; fileRef = 180604C11A25F0F300576525 /* NPTelephonModalityControllerView.m */; };
		180A6B541A12F98400CFC19E /* NPDefaults.m in Sources */ = {isa = PBXBuildFile; fileRef = 180A6B531A12F98400CFC19E /* NPDefaults.m */; };
		180A6B561A133D7800CFC19E /* GG_price_log1@2x.png in Resources */ = {isa = PBXBuildFile; fileRef = 180A6B551A133D7800CFC19E /* GG_price_log1@2x.png */; };
		180A6B581A133E8000CFC19E /* GG_price_log2.png in Resources */ = {isa = PBXBuildFile; fileRef = 180A6B571A133E8000CFC19E /* GG_price_log2.png */; };
		180A6B5B1A1342B700CFC19E /* UICustomLineLabel.m in Sources */ = {isa = PBXBuildFile; fileRef = 180A6B5A1A1342B700CFC19E /* UICustomLineLabel.m */; };
		180A6B5D1A1347AE00CFC19E /* GG_3@2x.png in Resources */ = {isa = PBXBuildFile; fileRef = 180A6B5C1A1347AE00CFC19E /* GG_3@2x.png */; };
		180A6B601A134DC600CFC19E /* NPDetailsPageController.m in Sources */ = {isa = PBXBuildFile; fileRef = 180A6B5F1A134DC600CFC19E /* NPDetailsPageController.m */; };
		180A6B621A13820700CFC19E /* headImg@2x.png in Resources */ = {isa = PBXBuildFile; fileRef = 180A6B611A13820700CFC19E /* headImg@2x.png */; };
		180A6B641A13842100CFC19E /* BuyButtonIMg.png in Resources */ = {isa = PBXBuildFile; fileRef = 180A6B631A13842100CFC19E /* BuyButtonIMg.png */; };
		180A6B661A13844100CFC19E /* BuyButtonIMg@2x.png in Resources */ = {isa = PBXBuildFile; fileRef = 180A6B651A13844100CFC19E /* BuyButtonIMg@2x.png */; };
		180A6B681A13851000CFC19E /* phone@2x.png in Resources */ = {isa = PBXBuildFile; fileRef = 180A6B671A13851000CFC19E /* phone@2x.png */; };
		180A6B6A1A1385CE00CFC19E /* buttonImg2@2x.png in Resources */ = {isa = PBXBuildFile; fileRef = 180A6B691A1385CE00CFC19E /* buttonImg2@2x.png */; };
		1810054E1AC035D10055C90A /* NPDetailBillController.m in Sources */ = {isa = PBXBuildFile; fileRef = 1810054D1AC035D10055C90A /* NPDetailBillController.m */; };
		1815340F1A1F28B500FE3237 /* test@2x.png in Resources */ = {isa = PBXBuildFile; fileRef = 1815340E1A1F28B500FE3237 /* test@2x.png */; };
		181534111A1F313000FE3237 /* ad@2x.png in Resources */ = {isa = PBXBuildFile; fileRef = 181534101A1F313000FE3237 /* ad@2x.png */; };
		181534131A1F31C800FE3237 /* ad3@2x.png in Resources */ = {isa = PBXBuildFile; fileRef = 181534121A1F31C800FE3237 /* ad3@2x.png */; };
		181534151A1F31CB00FE3237 /* ad2@2x.png in Resources */ = {isa = PBXBuildFile; fileRef = 181534141A1F31CB00FE3237 /* ad2@2x.png */; };
		1815341D1A1F4D2D00FE3237 /* bt_ad4.png in Resources */ = {isa = PBXBuildFile; fileRef = 181534161A1F4D2C00FE3237 /* bt_ad4.png */; };
		1815341E1A1F4D2D00FE3237 /* bt_ad3.png in Resources */ = {isa = PBXBuildFile; fileRef = 181534171A1F4D2C00FE3237 /* bt_ad3.png */; };
		1815341F1A1F4D2D00FE3237 /* bt_ad6.png in Resources */ = {isa = PBXBuildFile; fileRef = 181534181A1F4D2C00FE3237 /* bt_ad6.png */; };
		181534201A1F4D2D00FE3237 /* bt_ad5.png in Resources */ = {isa = PBXBuildFile; fileRef = 181534191A1F4D2C00FE3237 /* bt_ad5.png */; };
		181534211A1F4D2D00FE3237 /* bt_ad2.png in Resources */ = {isa = PBXBuildFile; fileRef = 1815341A1A1F4D2D00FE3237 /* bt_ad2.png */; };
		181534221A1F4D2D00FE3237 /* bt_ad7.png in Resources */ = {isa = PBXBuildFile; fileRef = 1815341B1A1F4D2D00FE3237 /* bt_ad7.png */; };
		181534231A1F4D2D00FE3237 /* bt_ad1.png in Resources */ = {isa = PBXBuildFile; fileRef = 1815341C1A1F4D2D00FE3237 /* bt_ad1.png */; };
		181534251A1F4FE800FE3237 /* long_ad.png in Resources */ = {isa = PBXBuildFile; fileRef = 181534241A1F4FE800FE3237 /* long_ad.png */; };
		181534271A1F509200FE3237 /* long_ad2@2x.PNG in Resources */ = {isa = PBXBuildFile; fileRef = 181534261A1F509200FE3237 /* long_ad2@2x.PNG */; };
		1815BAE61AAEFF0600D3AD31 /* yaoyiyao@2x.png in Resources */ = {isa = PBXBuildFile; fileRef = 1815BAE51AAEFF0600D3AD31 /* yaoyiyao@2x.png */; };
		1819DD2B1A1B39A400471F4C /* MySelectController.m in Sources */ = {isa = PBXBuildFile; fileRef = 1819DD2A1A1B39A400471F4C /* MySelectController.m */; };
		181BDB871AADE2540053062F /* yaoyiyao.mp3 in Resources */ = {isa = PBXBuildFile; fileRef = 181BDB861AADE2540053062F /* yaoyiyao.mp3 */; };
		181BDB8A1AADE5230053062F /* AVFoundation.framework in Frameworks */ = {isa = PBXBuildFile; fileRef = 181BDB891AADE5230053062F /* AVFoundation.framework */; };
		1821B23F1A1205A900083C3D /* GG_1@2x.png in Resources */ = {isa = PBXBuildFile; fileRef = 1821B23D1A1205A900083C3D /* GG_1@2x.png */; };
		1821B2401A1205A900083C3D /* GG_2@2x.png in Resources */ = {isa = PBXBuildFile; fileRef = 1821B23E1A1205A900083C3D /* GG_2@2x.png */; };
		182C64331A3752D00015C678 /* sousou@2x.png in Resources */ = {isa = PBXBuildFile; fileRef = 182C64321A3752D00015C678 /* sousou@2x.png */; };
		184BA6301A32A0D000837672 /* tabbar2@2x.png in Resources */ = {isa = PBXBuildFile; fileRef = 184BA62F1A32A0D000837672 /* tabbar2@2x.png */; };
		184BA6321A32A1B200837672 /* tabbar1@2x.png in Resources */ = {isa = PBXBuildFile; fileRef = 184BA6311A32A1B200837672 /* tabbar1@2x.png */; };
		184BA6341A32A20100837672 /* tabbar3@2x.png in Resources */ = {isa = PBXBuildFile; fileRef = 184BA6331A32A20100837672 /* tabbar3@2x.png */; };
		184BA6381A32A6DF00837672 /* searchIcon@2x.png in Resources */ = {isa = PBXBuildFile; fileRef = 184BA6371A32A6DF00837672 /* searchIcon@2x.png */; };
		184BA63A1A32A9C800837672 /* bt_im1@2x.png in Resources */ = {isa = PBXBuildFile; fileRef = 184BA6391A32A9C800837672 /* bt_im1@2x.png */; };
		184BA63E1A32AE8100837672 /* button_im1@2x.png in Resources */ = {isa = PBXBuildFile; fileRef = 184BA63D1A32AE8100837672 /* button_im1@2x.png */; };
		184BA6401A32BA2100837672 /* button_im2@2x.png in Resources */ = {isa = PBXBuildFile; fileRef = 184BA63F1A32BA2100837672 /* button_im2@2x.png */; };
		184BA6421A32BB9200837672 /* button_im3@2x.png in Resources */ = {isa = PBXBuildFile; fileRef = 184BA6411A32BB9200837672 /* button_im3@2x.png */; };
		184BA6441A32BCEF00837672 /* button_im4@2x.png in Resources */ = {isa = PBXBuildFile; fileRef = 184BA6431A32BCEF00837672 /* button_im4@2x.png */; };
		184BA6461A32BDD300837672 /* button_im5@2x.png in Resources */ = {isa = PBXBuildFile; fileRef = 184BA6451A32BDD300837672 /* button_im5@2x.png */; };
		184BA6481A32BEA500837672 /* button_im6@2x.png in Resources */ = {isa = PBXBuildFile; fileRef = 184BA6471A32BEA500837672 /* button_im6@2x.png */; };
		184BA64A1A32BF8F00837672 /* button_im7@2x.png in Resources */ = {isa = PBXBuildFile; fileRef = 184BA6491A32BF8F00837672 /* button_im7@2x.png */; };
		184BA64C1A32C06700837672 /* button_im8@2x.png in Resources */ = {isa = PBXBuildFile; fileRef = 184BA64B1A32C06700837672 /* button_im8@2x.png */; };
		1851A8DE1A2C31D700F3328B /* NPSearchViewController.m in Sources */ = {isa = PBXBuildFile; fileRef = 1851A8DD1A2C31D700F3328B /* NPSearchViewController.m */; };
		1851A8E21A2C57F300F3328B /* NPShopListController.m in Sources */ = {isa = PBXBuildFile; fileRef = 1851A8E11A2C57F300F3328B /* NPShopListController.m */; };
		1854FA1E1AB5635B000EDB81 /* YRSideViewController.m in Sources */ = {isa = PBXBuildFile; fileRef = 1854FA1D1AB5635B000EDB81 /* YRSideViewController.m */; };
		1854FA201AB56B0C000EDB81 /* headImage@2x.png in Resources */ = {isa = PBXBuildFile; fileRef = 1854FA1F1AB56B0C000EDB81 /* headImage@2x.png */; };
		1854FA231AB56FEA000EDB81 /* NPleftViewController.m in Sources */ = {isa = PBXBuildFile; fileRef = 1854FA221AB56FEA000EDB81 /* NPleftViewController.m */; };
		185534401A1F07BE004DB70F /* MainPageController.m in Sources */ = {isa = PBXBuildFile; fileRef = 1855343F1A1F07BE004DB70F /* MainPageController.m */; };
		185534481A1F1817004DB70F /* bt_img1@2x.png in Resources */ = {isa = PBXBuildFile; fileRef = 185534471A1F1817004DB70F /* bt_img1@2x.png */; };
		185725081AABE43D00A968A4 /* CoreBluetooth.framework in Frameworks */ = {isa = PBXBuildFile; fileRef = 185725071AABE43D00A968A4 /* CoreBluetooth.framework */; };
		187E3AC61AB8769600990766 /* 加号@2x.png in Resources */ = {isa = PBXBuildFile; fileRef = 187E3AC51AB8769600990766 /* 加号@2x.png */; };
		187E3ACA1AB877A600990766 /* minus@2x.png in Resources */ = {isa = PBXBuildFile; fileRef = 187E3AC91AB877A600990766 /* minus@2x.png */; };
		18B59AF01A10C72600595A9E /* main.m in Sources */ = {isa = PBXBuildFile; fileRef = 18B59AEF1A10C72600595A9E /* main.m */; };
		18B59AF31A10C72600595A9E /* AppDelegate.m in Sources */ = {isa = PBXBuildFile; fileRef = 18B59AF21A10C72600595A9E /* AppDelegate.m */; };
		18B59AF61A10C72600595A9E /* ViewController.m in Sources */ = {isa = PBXBuildFile; fileRef = 18B59AF51A10C72600595A9E /* ViewController.m */; };
		18B59AF91A10C72600595A9E /* Main.storyboard in Resources */ = {isa = PBXBuildFile; fileRef = 18B59AF71A10C72600595A9E /* Main.storyboard */; };
		18B59AFB1A10C72600595A9E /* Images.xcassets in Resources */ = {isa = PBXBuildFile; fileRef = 18B59AFA1A10C72600595A9E /* Images.xcassets */; };
		18B59AFE1A10C72600595A9E /* LaunchScreen.xib in Resources */ = {isa = PBXBuildFile; fileRef = 18B59AFC1A10C72600595A9E /* LaunchScreen.xib */; };
		18B59B0A1A10C72600595A9E /* new_positionTests.m in Sources */ = {isa = PBXBuildFile; fileRef = 18B59B091A10C72600595A9E /* new_positionTests.m */; };
		18B59B161A10D31700595A9E /* NPTheShopsNearController.m in Sources */ = {isa = PBXBuildFile; fileRef = 18B59B151A10D31700595A9E /* NPTheShopsNearController.m */; };
		18C74A4A1AB8FF8B00253FA9 /* beijinghaibao@2x.png in Resources */ = {isa = PBXBuildFile; fileRef = 18C74A491AB8FF8B00253FA9 /* beijinghaibao@2x.png */; };
		18C74A541AB919E100253FA9 /* icon1@2x.png in Resources */ = {isa = PBXBuildFile; fileRef = 18C74A531AB919E100253FA9 /* icon1@2x.png */; };
		18C74A561AB919FC00253FA9 /* icon2@2x.png in Resources */ = {isa = PBXBuildFile; fileRef = 18C74A551AB919FC00253FA9 /* icon2@2x.png */; };
		18C74A581AB91A0500253FA9 /* icon3@2x.png in Resources */ = {isa = PBXBuildFile; fileRef = 18C74A571AB91A0500253FA9 /* icon3@2x.png */; };
		18C74A5A1AB9241300253FA9 /* background@2x.png in Resources */ = {isa = PBXBuildFile; fileRef = 18C74A591AB9241300253FA9 /* background@2x.png */; };
		18C74A5E1AB927E500253FA9 /* NPChaXunDingDanController.m in Sources */ = {isa = PBXBuildFile; fileRef = 18C74A5D1AB927E500253FA9 /* NPChaXunDingDanController.m */; };
		18EC956E1A2C991F003A093F /* shouye@2x.png in Resources */ = {isa = PBXBuildFile; fileRef = 18EC956D1A2C991F003A093F /* shouye@2x.png */; };
		18EC95701A2C9A07003A093F /* shouye2@2x.png in Resources */ = {isa = PBXBuildFile; fileRef = 18EC956F1A2C9A07003A093F /* shouye2@2x.png */; };
		18EED8BB1AB84F6A00B229D9 /* test2@2x.png in Resources */ = {isa = PBXBuildFile; fileRef = 18EED8BA1AB84F6A00B229D9 /* test2@2x.png */; };
		18EED8C21AB850AC00B229D9 /* AboutUsController.m in Sources */ = {isa = PBXBuildFile; fileRef = 18EED8C11AB850AC00B229D9 /* AboutUsController.m */; };
		18F21EF71AB7070E00CA292A /* libc++.dylib in Frameworks */ = {isa = PBXBuildFile; fileRef = 18F21EF61AB7070E00CA292A /* libc++.dylib */; };
		18F21F021AB7090300CA292A /* AlipaySDK.bundle in Resources */ = {isa = PBXBuildFile; fileRef = 18F21EFB1AB7090300CA292A /* AlipaySDK.bundle */; };
		18F21F031AB7090300CA292A /* AlipaySDK.framework in Frameworks */ = {isa = PBXBuildFile; fileRef = 18F21EFC1AB7090300CA292A /* AlipaySDK.framework */; };
		18F21F041AB7090300CA292A /* libUPPayPlugin.a in Frameworks */ = {isa = PBXBuildFile; fileRef = 18F21EFD1AB7090300CA292A /* libUPPayPlugin.a */; };
		18F21F051AB7090300CA292A /* libWeChatSDK.a in Frameworks */ = {isa = PBXBuildFile; fileRef = 18F21EFE1AB7090300CA292A /* libWeChatSDK.a */; };
		18F21F061AB7090300CA292A /* libpingpp.a in Frameworks */ = {isa = PBXBuildFile; fileRef = 18F21EFF1AB7090300CA292A /* libpingpp.a */; };
		18F21F071AB7090300CA292A /* Pingpp.bundle in Resources */ = {isa = PBXBuildFile; fileRef = 18F21F001AB7090300CA292A /* Pingpp.bundle */; };
		18F384681AAC082500F52B3C /* NPPayBillController.mm in Sources */ = {isa = PBXBuildFile; fileRef = 18F384671AAC082500F52B3C /* NPPayBillController.mm */; };
		18F3E3AB1A2EFCA30046113D /* NPHomeIconButton.m in Sources */ = {isa = PBXBuildFile; fileRef = 18F3E3AA1A2EFCA30046113D /* NPHomeIconButton.m */; };
		18F3E3AF1A2EFCF50046113D /* app_item_bg.png in Resources */ = {isa = PBXBuildFile; fileRef = 18F3E3AC1A2EFCF40046113D /* app_item_bg.png */; };
		18F3E3B01A2EFCF50046113D /* app_item_pressed_bg.png in Resources */ = {isa = PBXBuildFile; fileRef = 18F3E3AD1A2EFCF50046113D /* app_item_pressed_bg.png */; };
		18F3E3B11A2EFCF50046113D /* 09999976.png in Resources */ = {isa = PBXBuildFile; fileRef = 18F3E3AE1A2EFCF50046113D /* 09999976.png */; };
		18F3E3B91A2EFCF50046113D /* button_icon2@2x.png in Resources */ = {isa = PBXBuildFile; fileRef = 18F3E3B71A2EFCF50046113D /* button_icon2@2x.png */; };
		18F3E3BA1A2EFCF50046113D /* button_icon1@2x.png in Resources */ = {isa = PBXBuildFile; fileRef = 18F3E3B81A2EFCF50046113D /* button_icon1@2x.png */; };
		18F3E3BE1A2EFCF50046113D /* NPShopsController.m in Sources */ = {isa = PBXBuildFile; fileRef = 18F3E3BD1A2EFCF50046113D /* NPShopsController.m */; };
		18F7F2531A21899700837440 /* AFHTTPRequestOperation.m in Sources */ = {isa = PBXBuildFile; fileRef = 18F7F2411A21899700837440 /* AFHTTPRequestOperation.m */; };
		18F7F2541A21899700837440 /* AFHTTPRequestOperationManager.m in Sources */ = {isa = PBXBuildFile; fileRef = 18F7F2431A21899700837440 /* AFHTTPRequestOperationManager.m */; };
		18F7F2551A21899700837440 /* AFHTTPSessionManager.m in Sources */ = {isa = PBXBuildFile; fileRef = 18F7F2451A21899700837440 /* AFHTTPSessionManager.m */; };
		18F7F2561A21899700837440 /* AFNetworkReachabilityManager.m in Sources */ = {isa = PBXBuildFile; fileRef = 18F7F2481A21899700837440 /* AFNetworkReachabilityManager.m */; };
		18F7F2571A21899700837440 /* AFSecurityPolicy.m in Sources */ = {isa = PBXBuildFile; fileRef = 18F7F24A1A21899700837440 /* AFSecurityPolicy.m */; };
		18F7F2581A21899700837440 /* AFURLConnectionOperation.m in Sources */ = {isa = PBXBuildFile; fileRef = 18F7F24C1A21899700837440 /* AFURLConnectionOperation.m */; };
		18F7F2591A21899700837440 /* AFURLRequestSerialization.m in Sources */ = {isa = PBXBuildFile; fileRef = 18F7F24E1A21899700837440 /* AFURLRequestSerialization.m */; };
		18F7F25A1A21899700837440 /* AFURLResponseSerialization.m in Sources */ = {isa = PBXBuildFile; fileRef = 18F7F2501A21899700837440 /* AFURLResponseSerialization.m */; };
		18F7F25B1A21899700837440 /* AFURLSessionManager.m in Sources */ = {isa = PBXBuildFile; fileRef = 18F7F2521A21899700837440 /* AFURLSessionManager.m */; };
		18F8E1ED1AAAFAC900DB2EF4 /* YaoYiYaoController.m in Sources */ = {isa = PBXBuildFile; fileRef = 18F8E1EC1AAAFAC900DB2EF4 /* YaoYiYaoController.m */; };
/* End PBXBuildFile section */

/* Begin PBXContainerItemProxy section */
		18B59B041A10C72600595A9E /* PBXContainerItemProxy */ = {
			isa = PBXContainerItemProxy;
			containerPortal = 18B59AE21A10C72600595A9E /* Project object */;
			proxyType = 1;
			remoteGlobalIDString = 18B59AE91A10C72600595A9E;
			remoteInfo = "new position";
		};
/* End PBXContainerItemProxy section */

/* Begin PBXFileReference section */
		180604BA1A25CE5E00576525 /* selected@2x.png */ = {isa = PBXFileReference; lastKnownFileType = image.png; path = "selected@2x.png"; sourceTree = "<group>"; };
		180604BE1A25D2C100576525 /* favorite@2x.png */ = {isa = PBXFileReference; lastKnownFileType = image.png; path = "favorite@2x.png"; sourceTree = "<group>"; };
		180604C01A25F0F300576525 /* NPTelephonModalityControllerView.h */ = {isa = PBXFileReference; fileEncoding = 4; lastKnownFileType = sourcecode.c.h; path = NPTelephonModalityControllerView.h; sourceTree = "<group>"; };
		180604C11A25F0F300576525 /* NPTelephonModalityControllerView.m */ = {isa = PBXFileReference; fileEncoding = 4; lastKnownFileType = sourcecode.c.objc; path = NPTelephonModalityControllerView.m; sourceTree = "<group>"; };
		180A6B521A12F98400CFC19E /* NPDefaults.h */ = {isa = PBXFileReference; fileEncoding = 4; lastKnownFileType = sourcecode.c.h; path = NPDefaults.h; sourceTree = "<group>"; };
		180A6B531A12F98400CFC19E /* NPDefaults.m */ = {isa = PBXFileReference; fileEncoding = 4; lastKnownFileType = sourcecode.c.objc; path = NPDefaults.m; sourceTree = "<group>"; };
		180A6B551A133D7800CFC19E /* GG_price_log1@2x.png */ = {isa = PBXFileReference; lastKnownFileType = image.png; path = "GG_price_log1@2x.png"; sourceTree = "<group>"; };
		180A6B571A133E8000CFC19E /* GG_price_log2.png */ = {isa = PBXFileReference; lastKnownFileType = image.png; path = GG_price_log2.png; sourceTree = "<group>"; };
		180A6B591A1342B700CFC19E /* UICustomLineLabel.h */ = {isa = PBXFileReference; fileEncoding = 4; lastKnownFileType = sourcecode.c.h; path = UICustomLineLabel.h; sourceTree = "<group>"; };
		180A6B5A1A1342B700CFC19E /* UICustomLineLabel.m */ = {isa = PBXFileReference; fileEncoding = 4; lastKnownFileType = sourcecode.c.objc; path = UICustomLineLabel.m; sourceTree = "<group>"; };
		180A6B5C1A1347AE00CFC19E /* GG_3@2x.png */ = {isa = PBXFileReference; lastKnownFileType = image.png; path = "GG_3@2x.png"; sourceTree = "<group>"; };
		180A6B5E1A134DC600CFC19E /* NPDetailsPageController.h */ = {isa = PBXFileReference; fileEncoding = 4; lastKnownFileType = sourcecode.c.h; path = NPDetailsPageController.h; sourceTree = "<group>"; };
		180A6B5F1A134DC600CFC19E /* NPDetailsPageController.m */ = {isa = PBXFileReference; fileEncoding = 4; lastKnownFileType = sourcecode.c.objc; path = NPDetailsPageController.m; sourceTree = "<group>"; };
		180A6B611A13820700CFC19E /* headImg@2x.png */ = {isa = PBXFileReference; lastKnownFileType = image.png; path = "headImg@2x.png"; sourceTree = "<group>"; };
		180A6B631A13842100CFC19E /* BuyButtonIMg.png */ = {isa = PBXFileReference; lastKnownFileType = image.png; path = BuyButtonIMg.png; sourceTree = "<group>"; };
		180A6B651A13844100CFC19E /* BuyButtonIMg@2x.png */ = {isa = PBXFileReference; lastKnownFileType = image.png; path = "BuyButtonIMg@2x.png"; sourceTree = "<group>"; };
		180A6B671A13851000CFC19E /* phone@2x.png */ = {isa = PBXFileReference; lastKnownFileType = image.png; path = "phone@2x.png"; sourceTree = "<group>"; };
		180A6B691A1385CE00CFC19E /* buttonImg2@2x.png */ = {isa = PBXFileReference; lastKnownFileType = image.png; path = "buttonImg2@2x.png"; sourceTree = "<group>"; };
		1810054C1AC035D10055C90A /* NPDetailBillController.h */ = {isa = PBXFileReference; fileEncoding = 4; lastKnownFileType = sourcecode.c.h; path = NPDetailBillController.h; sourceTree = "<group>"; };
		1810054D1AC035D10055C90A /* NPDetailBillController.m */ = {isa = PBXFileReference; fileEncoding = 4; lastKnownFileType = sourcecode.c.objc; path = NPDetailBillController.m; sourceTree = "<group>"; };
		1815340E1A1F28B500FE3237 /* test@2x.png */ = {isa = PBXFileReference; lastKnownFileType = image.png; path = "test@2x.png"; sourceTree = "<group>"; };
		181534101A1F313000FE3237 /* ad@2x.png */ = {isa = PBXFileReference; lastKnownFileType = image.png; path = "ad@2x.png"; sourceTree = "<group>"; };
		181534121A1F31C800FE3237 /* ad3@2x.png */ = {isa = PBXFileReference; lastKnownFileType = image.png; path = "ad3@2x.png"; sourceTree = "<group>"; };
		181534141A1F31CB00FE3237 /* ad2@2x.png */ = {isa = PBXFileReference; lastKnownFileType = image.png; path = "ad2@2x.png"; sourceTree = "<group>"; };
		181534161A1F4D2C00FE3237 /* bt_ad4.png */ = {isa = PBXFileReference; lastKnownFileType = image.png; path = bt_ad4.png; sourceTree = "<group>"; };
		181534171A1F4D2C00FE3237 /* bt_ad3.png */ = {isa = PBXFileReference; lastKnownFileType = image.png; path = bt_ad3.png; sourceTree = "<group>"; };
		181534181A1F4D2C00FE3237 /* bt_ad6.png */ = {isa = PBXFileReference; lastKnownFileType = image.png; path = bt_ad6.png; sourceTree = "<group>"; };
		181534191A1F4D2C00FE3237 /* bt_ad5.png */ = {isa = PBXFileReference; lastKnownFileType = image.png; path = bt_ad5.png; sourceTree = "<group>"; };
		1815341A1A1F4D2D00FE3237 /* bt_ad2.png */ = {isa = PBXFileReference; lastKnownFileType = image.png; path = bt_ad2.png; sourceTree = "<group>"; };
		1815341B1A1F4D2D00FE3237 /* bt_ad7.png */ = {isa = PBXFileReference; lastKnownFileType = image.png; path = bt_ad7.png; sourceTree = "<group>"; };
		1815341C1A1F4D2D00FE3237 /* bt_ad1.png */ = {isa = PBXFileReference; lastKnownFileType = image.png; path = bt_ad1.png; sourceTree = "<group>"; };
		181534241A1F4FE800FE3237 /* long_ad.png */ = {isa = PBXFileReference; lastKnownFileType = image.png; path = long_ad.png; sourceTree = "<group>"; };
		181534261A1F509200FE3237 /* long_ad2@2x.PNG */ = {isa = PBXFileReference; lastKnownFileType = image.png; path = "long_ad2@2x.PNG"; sourceTree = "<group>"; };
		1815BAE51AAEFF0600D3AD31 /* yaoyiyao@2x.png */ = {isa = PBXFileReference; lastKnownFileType = image.png; path = "yaoyiyao@2x.png"; sourceTree = "<group>"; };
		1819DD291A1B39A400471F4C /* MySelectController.h */ = {isa = PBXFileReference; fileEncoding = 4; lastKnownFileType = sourcecode.c.h; path = MySelectController.h; sourceTree = "<group>"; };
		1819DD2A1A1B39A400471F4C /* MySelectController.m */ = {isa = PBXFileReference; fileEncoding = 4; lastKnownFileType = sourcecode.c.objc; path = MySelectController.m; sourceTree = "<group>"; };
		181BDB861AADE2540053062F /* yaoyiyao.mp3 */ = {isa = PBXFileReference; lastKnownFileType = audio.mp3; path = yaoyiyao.mp3; sourceTree = "<group>"; };
		181BDB891AADE5230053062F /* AVFoundation.framework */ = {isa = PBXFileReference; lastKnownFileType = wrapper.framework; name = AVFoundation.framework; path = System/Library/Frameworks/AVFoundation.framework; sourceTree = SDKROOT; };
		1821B23D1A1205A900083C3D /* GG_1@2x.png */ = {isa = PBXFileReference; lastKnownFileType = image.png; path = "GG_1@2x.png"; sourceTree = "<group>"; };
		1821B23E1A1205A900083C3D /* GG_2@2x.png */ = {isa = PBXFileReference; lastKnownFileType = image.png; path = "GG_2@2x.png"; sourceTree = "<group>"; };
		182C64321A3752D00015C678 /* sousou@2x.png */ = {isa = PBXFileReference; lastKnownFileType = image.png; path = "sousou@2x.png"; sourceTree = "<group>"; };
		184BA62F1A32A0D000837672 /* tabbar2@2x.png */ = {isa = PBXFileReference; lastKnownFileType = image.png; path = "tabbar2@2x.png"; sourceTree = "<group>"; };
		184BA6311A32A1B200837672 /* tabbar1@2x.png */ = {isa = PBXFileReference; lastKnownFileType = image.png; path = "tabbar1@2x.png"; sourceTree = "<group>"; };
		184BA6331A32A20100837672 /* tabbar3@2x.png */ = {isa = PBXFileReference; lastKnownFileType = image.png; path = "tabbar3@2x.png"; sourceTree = "<group>"; };
		184BA6371A32A6DF00837672 /* searchIcon@2x.png */ = {isa = PBXFileReference; lastKnownFileType = image.png; path = "searchIcon@2x.png"; sourceTree = "<group>"; };
		184BA6391A32A9C800837672 /* bt_im1@2x.png */ = {isa = PBXFileReference; lastKnownFileType = image.png; path = "bt_im1@2x.png"; sourceTree = "<group>"; };
		184BA63D1A32AE8100837672 /* button_im1@2x.png */ = {isa = PBXFileReference; lastKnownFileType = image.png; path = "button_im1@2x.png"; sourceTree = "<group>"; };
		184BA63F1A32BA2100837672 /* button_im2@2x.png */ = {isa = PBXFileReference; lastKnownFileType = image.png; path = "button_im2@2x.png"; sourceTree = "<group>"; };
		184BA6411A32BB9200837672 /* button_im3@2x.png */ = {isa = PBXFileReference; lastKnownFileType = image.png; path = "button_im3@2x.png"; sourceTree = "<group>"; };
		184BA6431A32BCEF00837672 /* button_im4@2x.png */ = {isa = PBXFileReference; lastKnownFileType = image.png; path = "button_im4@2x.png"; sourceTree = "<group>"; };
		184BA6451A32BDD300837672 /* button_im5@2x.png */ = {isa = PBXFileReference; lastKnownFileType = image.png; path = "button_im5@2x.png"; sourceTree = "<group>"; };
		184BA6471A32BEA500837672 /* button_im6@2x.png */ = {isa = PBXFileReference; lastKnownFileType = image.png; path = "button_im6@2x.png"; sourceTree = "<group>"; };
		184BA6491A32BF8F00837672 /* button_im7@2x.png */ = {isa = PBXFileReference; lastKnownFileType = image.png; path = "button_im7@2x.png"; sourceTree = "<group>"; };
		184BA64B1A32C06700837672 /* button_im8@2x.png */ = {isa = PBXFileReference; lastKnownFileType = image.png; path = "button_im8@2x.png"; sourceTree = "<group>"; };
		1851A8DC1A2C31D700F3328B /* NPSearchViewController.h */ = {isa = PBXFileReference; fileEncoding = 4; lastKnownFileType = sourcecode.c.h; path = NPSearchViewController.h; sourceTree = "<group>"; };
		1851A8DD1A2C31D700F3328B /* NPSearchViewController.m */ = {isa = PBXFileReference; fileEncoding = 4; lastKnownFileType = sourcecode.c.objc; path = NPSearchViewController.m; sourceTree = "<group>"; };
		1851A8E01A2C57F300F3328B /* NPShopListController.h */ = {isa = PBXFileReference; fileEncoding = 4; lastKnownFileType = sourcecode.c.h; path = NPShopListController.h; sourceTree = "<group>"; };
		1851A8E11A2C57F300F3328B /* NPShopListController.m */ = {isa = PBXFileReference; fileEncoding = 4; lastKnownFileType = sourcecode.c.objc; path = NPShopListController.m; sourceTree = "<group>"; };
		1854FA1C1AB5635B000EDB81 /* YRSideViewController.h */ = {isa = PBXFileReference; fileEncoding = 4; lastKnownFileType = sourcecode.c.h; path = YRSideViewController.h; sourceTree = "<group>"; };
		1854FA1D1AB5635B000EDB81 /* YRSideViewController.m */ = {isa = PBXFileReference; fileEncoding = 4; lastKnownFileType = sourcecode.c.objc; path = YRSideViewController.m; sourceTree = "<group>"; };
		1854FA1F1AB56B0C000EDB81 /* headImage@2x.png */ = {isa = PBXFileReference; lastKnownFileType = image.png; path = "headImage@2x.png"; sourceTree = "<group>"; };
		1854FA211AB56FEA000EDB81 /* NPleftViewController.h */ = {isa = PBXFileReference; fileEncoding = 4; lastKnownFileType = sourcecode.c.h; path = NPleftViewController.h; sourceTree = "<group>"; };
		1854FA221AB56FEA000EDB81 /* NPleftViewController.m */ = {isa = PBXFileReference; fileEncoding = 4; lastKnownFileType = sourcecode.c.objc; path = NPleftViewController.m; sourceTree = "<group>"; };
		1855343E1A1F07BE004DB70F /* MainPageController.h */ = {isa = PBXFileReference; fileEncoding = 4; lastKnownFileType = sourcecode.c.h; path = MainPageController.h; sourceTree = "<group>"; };
		1855343F1A1F07BE004DB70F /* MainPageController.m */ = {isa = PBXFileReference; fileEncoding = 4; lastKnownFileType = sourcecode.c.objc; path = MainPageController.m; sourceTree = "<group>"; };
		185534471A1F1817004DB70F /* bt_img1@2x.png */ = {isa = PBXFileReference; lastKnownFileType = image.png; path = "bt_img1@2x.png"; sourceTree = "<group>"; };
		185725071AABE43D00A968A4 /* CoreBluetooth.framework */ = {isa = PBXFileReference; lastKnownFileType = wrapper.framework; name = CoreBluetooth.framework; path = System/Library/Frameworks/CoreBluetooth.framework; sourceTree = SDKROOT; };
		187E3AC51AB8769600990766 /* 加号@2x.png */ = {isa = PBXFileReference; lastKnownFileType = image.png; path = "加号@2x.png"; sourceTree = "<group>"; };
		187E3AC91AB877A600990766 /* minus@2x.png */ = {isa = PBXFileReference; lastKnownFileType = image.png; path = "minus@2x.png"; sourceTree = "<group>"; };
		18B59AEA1A10C72600595A9E /* haoshihui.app */ = {isa = PBXFileReference; explicitFileType = wrapper.application; includeInIndex = 0; path = haoshihui.app; sourceTree = BUILT_PRODUCTS_DIR; };
		18B59AEE1A10C72600595A9E /* Info.plist */ = {isa = PBXFileReference; lastKnownFileType = text.plist.xml; path = Info.plist; sourceTree = "<group>"; };
		18B59AEF1A10C72600595A9E /* main.m */ = {isa = PBXFileReference; lastKnownFileType = sourcecode.c.objc; path = main.m; sourceTree = "<group>"; };
		18B59AF11A10C72600595A9E /* AppDelegate.h */ = {isa = PBXFileReference; lastKnownFileType = sourcecode.c.h; path = AppDelegate.h; sourceTree = "<group>"; };
		18B59AF21A10C72600595A9E /* AppDelegate.m */ = {isa = PBXFileReference; lastKnownFileType = sourcecode.c.objc; path = AppDelegate.m; sourceTree = "<group>"; };
		18B59AF41A10C72600595A9E /* ViewController.h */ = {isa = PBXFileReference; lastKnownFileType = sourcecode.c.h; path = ViewController.h; sourceTree = "<group>"; };
		18B59AF51A10C72600595A9E /* ViewController.m */ = {isa = PBXFileReference; lastKnownFileType = sourcecode.c.objc; path = ViewController.m; sourceTree = "<group>"; };
		18B59AF81A10C72600595A9E /* Base */ = {isa = PBXFileReference; lastKnownFileType = file.storyboard; name = Base; path = Base.lproj/Main.storyboard; sourceTree = "<group>"; };
		18B59AFA1A10C72600595A9E /* Images.xcassets */ = {isa = PBXFileReference; lastKnownFileType = folder.assetcatalog; path = Images.xcassets; sourceTree = "<group>"; };
		18B59AFD1A10C72600595A9E /* Base */ = {isa = PBXFileReference; lastKnownFileType = file.xib; name = Base; path = Base.lproj/LaunchScreen.xib; sourceTree = "<group>"; };
		18B59B031A10C72600595A9E /* haoshihuiTests.xctest */ = {isa = PBXFileReference; explicitFileType = wrapper.cfbundle; includeInIndex = 0; path = haoshihuiTests.xctest; sourceTree = BUILT_PRODUCTS_DIR; };
		18B59B081A10C72600595A9E /* Info.plist */ = {isa = PBXFileReference; lastKnownFileType = text.plist.xml; path = Info.plist; sourceTree = "<group>"; };
		18B59B091A10C72600595A9E /* new_positionTests.m */ = {isa = PBXFileReference; lastKnownFileType = sourcecode.c.objc; path = new_positionTests.m; sourceTree = "<group>"; };
		18B59B141A10D31700595A9E /* NPTheShopsNearController.h */ = {isa = PBXFileReference; fileEncoding = 4; lastKnownFileType = sourcecode.c.h; path = NPTheShopsNearController.h; sourceTree = "<group>"; };
		18B59B151A10D31700595A9E /* NPTheShopsNearController.m */ = {isa = PBXFileReference; fileEncoding = 4; lastKnownFileType = sourcecode.c.objc; path = NPTheShopsNearController.m; sourceTree = "<group>"; };
		18C74A491AB8FF8B00253FA9 /* beijinghaibao@2x.png */ = {isa = PBXFileReference; lastKnownFileType = image.png; path = "beijinghaibao@2x.png"; sourceTree = "<group>"; };
		18C74A531AB919E100253FA9 /* icon1@2x.png */ = {isa = PBXFileReference; lastKnownFileType = image.png; path = "icon1@2x.png"; sourceTree = "<group>"; };
		18C74A551AB919FC00253FA9 /* icon2@2x.png */ = {isa = PBXFileReference; lastKnownFileType = image.png; path = "icon2@2x.png"; sourceTree = "<group>"; };
		18C74A571AB91A0500253FA9 /* icon3@2x.png */ = {isa = PBXFileReference; lastKnownFileType = image.png; path = "icon3@2x.png"; sourceTree = "<group>"; };
		18C74A591AB9241300253FA9 /* background@2x.png */ = {isa = PBXFileReference; lastKnownFileType = image.png; path = "background@2x.png"; sourceTree = "<group>"; };
		18C74A5C1AB927E500253FA9 /* NPChaXunDingDanController.h */ = {isa = PBXFileReference; fileEncoding = 4; lastKnownFileType = sourcecode.c.h; path = NPChaXunDingDanController.h; sourceTree = "<group>"; };
		18C74A5D1AB927E500253FA9 /* NPChaXunDingDanController.m */ = {isa = PBXFileReference; fileEncoding = 4; lastKnownFileType = sourcecode.c.objc; path = NPChaXunDingDanController.m; sourceTree = "<group>"; };
		18EC956D1A2C991F003A093F /* shouye@2x.png */ = {isa = PBXFileReference; lastKnownFileType = image.png; path = "shouye@2x.png"; sourceTree = "<group>"; };
		18EC956F1A2C9A07003A093F /* shouye2@2x.png */ = {isa = PBXFileReference; lastKnownFileType = image.png; path = "shouye2@2x.png"; sourceTree = "<group>"; };
		18EED8BA1AB84F6A00B229D9 /* test2@2x.png */ = {isa = PBXFileReference; lastKnownFileType = image.png; path = "test2@2x.png"; sourceTree = "<group>"; };
		18EED8C01AB850AC00B229D9 /* AboutUsController.h */ = {isa = PBXFileReference; fileEncoding = 4; lastKnownFileType = sourcecode.c.h; path = AboutUsController.h; sourceTree = "<group>"; };
		18EED8C11AB850AC00B229D9 /* AboutUsController.m */ = {isa = PBXFileReference; fileEncoding = 4; lastKnownFileType = sourcecode.c.objc; path = AboutUsController.m; sourceTree = "<group>"; };
		18F21EEF1AB7069300CA292A /* CFNetwork.framework */ = {isa = PBXFileReference; lastKnownFileType = wrapper.framework; name = CFNetwork.framework; path = System/Library/Frameworks/CFNetwork.framework; sourceTree = SDKROOT; };
		18F21EF21AB706F200CA292A /* SystemConfiguration.framework */ = {isa = PBXFileReference; lastKnownFileType = wrapper.framework; name = SystemConfiguration.framework; path = System/Library/Frameworks/SystemConfiguration.framework; sourceTree = SDKROOT; };
		18F21EF41AB7070200CA292A /* Security.framework */ = {isa = PBXFileReference; lastKnownFileType = wrapper.framework; name = Security.framework; path = System/Library/Frameworks/Security.framework; sourceTree = SDKROOT; };
		18F21EF61AB7070E00CA292A /* libc++.dylib */ = {isa = PBXFileReference; lastKnownFileType = "compiled.mach-o.dylib"; name = "libc++.dylib"; path = "usr/lib/libc++.dylib"; sourceTree = SDKROOT; };
		18F21EFB1AB7090300CA292A /* AlipaySDK.bundle */ = {isa = PBXFileReference; lastKnownFileType = "wrapper.plug-in"; path = AlipaySDK.bundle; sourceTree = "<group>"; };
		18F21EFC1AB7090300CA292A /* AlipaySDK.framework */ = {isa = PBXFileReference; lastKnownFileType = wrapper.framework; path = AlipaySDK.framework; sourceTree = "<group>"; };
		18F21EFD1AB7090300CA292A /* libUPPayPlugin.a */ = {isa = PBXFileReference; lastKnownFileType = archive.ar; path = libUPPayPlugin.a; sourceTree = "<group>"; };
		18F21EFE1AB7090300CA292A /* libWeChatSDK.a */ = {isa = PBXFileReference; lastKnownFileType = archive.ar; path = libWeChatSDK.a; sourceTree = "<group>"; };
		18F21EFF1AB7090300CA292A /* libpingpp.a */ = {isa = PBXFileReference; lastKnownFileType = archive.ar; path = libpingpp.a; sourceTree = "<group>"; };
		18F21F001AB7090300CA292A /* Pingpp.bundle */ = {isa = PBXFileReference; lastKnownFileType = "wrapper.plug-in"; path = Pingpp.bundle; sourceTree = "<group>"; };
		18F21F011AB7090300CA292A /* Pingpp.h */ = {isa = PBXFileReference; fileEncoding = 4; lastKnownFileType = sourcecode.c.h; path = Pingpp.h; sourceTree = "<group>"; };
		18F384661AAC082500F52B3C /* NPPayBillController.h */ = {isa = PBXFileReference; fileEncoding = 4; lastKnownFileType = sourcecode.c.h; path = NPPayBillController.h; sourceTree = "<group>"; };
		18F384671AAC082500F52B3C /* NPPayBillController.mm */ = {isa = PBXFileReference; fileEncoding = 4; lastKnownFileType = sourcecode.cpp.objcpp; path = NPPayBillController.mm; sourceTree = "<group>"; };
		18F3E3A91A2EFCA30046113D /* NPHomeIconButton.h */ = {isa = PBXFileReference; fileEncoding = 4; lastKnownFileType = sourcecode.c.h; path = NPHomeIconButton.h; sourceTree = "<group>"; };
		18F3E3AA1A2EFCA30046113D /* NPHomeIconButton.m */ = {isa = PBXFileReference; fileEncoding = 4; lastKnownFileType = sourcecode.c.objc; path = NPHomeIconButton.m; sourceTree = "<group>"; };
		18F3E3AC1A2EFCF40046113D /* app_item_bg.png */ = {isa = PBXFileReference; lastKnownFileType = image.png; path = app_item_bg.png; sourceTree = "<group>"; };
		18F3E3AD1A2EFCF50046113D /* app_item_pressed_bg.png */ = {isa = PBXFileReference; lastKnownFileType = image.png; path = app_item_pressed_bg.png; sourceTree = "<group>"; };
		18F3E3AE1A2EFCF50046113D /* 09999976.png */ = {isa = PBXFileReference; lastKnownFileType = image.png; path = 09999976.png; sourceTree = "<group>"; };
		18F3E3B71A2EFCF50046113D /* button_icon2@2x.png */ = {isa = PBXFileReference; lastKnownFileType = image.png; path = "button_icon2@2x.png"; sourceTree = "<group>"; };
		18F3E3B81A2EFCF50046113D /* button_icon1@2x.png */ = {isa = PBXFileReference; lastKnownFileType = image.png; path = "button_icon1@2x.png"; sourceTree = "<group>"; };
		18F3E3BC1A2EFCF50046113D /* NPShopsController.h */ = {isa = PBXFileReference; fileEncoding = 4; lastKnownFileType = sourcecode.c.h; path = NPShopsController.h; sourceTree = "<group>"; };
		18F3E3BD1A2EFCF50046113D /* NPShopsController.m */ = {isa = PBXFileReference; fileEncoding = 4; lastKnownFileType = sourcecode.c.objc; path = NPShopsController.m; sourceTree = "<group>"; };
		18F7F2401A21899700837440 /* AFHTTPRequestOperation.h */ = {isa = PBXFileReference; fileEncoding = 4; lastKnownFileType = sourcecode.c.h; path = AFHTTPRequestOperation.h; sourceTree = "<group>"; };
		18F7F2411A21899700837440 /* AFHTTPRequestOperation.m */ = {isa = PBXFileReference; fileEncoding = 4; lastKnownFileType = sourcecode.c.objc; path = AFHTTPRequestOperation.m; sourceTree = "<group>"; };
		18F7F2421A21899700837440 /* AFHTTPRequestOperationManager.h */ = {isa = PBXFileReference; fileEncoding = 4; lastKnownFileType = sourcecode.c.h; path = AFHTTPRequestOperationManager.h; sourceTree = "<group>"; };
		18F7F2431A21899700837440 /* AFHTTPRequestOperationManager.m */ = {isa = PBXFileReference; fileEncoding = 4; lastKnownFileType = sourcecode.c.objc; path = AFHTTPRequestOperationManager.m; sourceTree = "<group>"; };
		18F7F2441A21899700837440 /* AFHTTPSessionManager.h */ = {isa = PBXFileReference; fileEncoding = 4; lastKnownFileType = sourcecode.c.h; path = AFHTTPSessionManager.h; sourceTree = "<group>"; };
		18F7F2451A21899700837440 /* AFHTTPSessionManager.m */ = {isa = PBXFileReference; fileEncoding = 4; lastKnownFileType = sourcecode.c.objc; path = AFHTTPSessionManager.m; sourceTree = "<group>"; };
		18F7F2461A21899700837440 /* AFNetworking.h */ = {isa = PBXFileReference; fileEncoding = 4; lastKnownFileType = sourcecode.c.h; path = AFNetworking.h; sourceTree = "<group>"; };
		18F7F2471A21899700837440 /* AFNetworkReachabilityManager.h */ = {isa = PBXFileReference; fileEncoding = 4; lastKnownFileType = sourcecode.c.h; path = AFNetworkReachabilityManager.h; sourceTree = "<group>"; };
		18F7F2481A21899700837440 /* AFNetworkReachabilityManager.m */ = {isa = PBXFileReference; fileEncoding = 4; lastKnownFileType = sourcecode.c.objc; path = AFNetworkReachabilityManager.m; sourceTree = "<group>"; };
		18F7F2491A21899700837440 /* AFSecurityPolicy.h */ = {isa = PBXFileReference; fileEncoding = 4; lastKnownFileType = sourcecode.c.h; path = AFSecurityPolicy.h; sourceTree = "<group>"; };
		18F7F24A1A21899700837440 /* AFSecurityPolicy.m */ = {isa = PBXFileReference; fileEncoding = 4; lastKnownFileType = sourcecode.c.objc; path = AFSecurityPolicy.m; sourceTree = "<group>"; };
		18F7F24B1A21899700837440 /* AFURLConnectionOperation.h */ = {isa = PBXFileReference; fileEncoding = 4; lastKnownFileType = sourcecode.c.h; path = AFURLConnectionOperation.h; sourceTree = "<group>"; };
		18F7F24C1A21899700837440 /* AFURLConnectionOperation.m */ = {isa = PBXFileReference; fileEncoding = 4; lastKnownFileType = sourcecode.c.objc; path = AFURLConnectionOperation.m; sourceTree = "<group>"; };
		18F7F24D1A21899700837440 /* AFURLRequestSerialization.h */ = {isa = PBXFileReference; fileEncoding = 4; lastKnownFileType = sourcecode.c.h; path = AFURLRequestSerialization.h; sourceTree = "<group>"; };
		18F7F24E1A21899700837440 /* AFURLRequestSerialization.m */ = {isa = PBXFileReference; fileEncoding = 4; lastKnownFileType = sourcecode.c.objc; path = AFURLRequestSerialization.m; sourceTree = "<group>"; };
		18F7F24F1A21899700837440 /* AFURLResponseSerialization.h */ = {isa = PBXFileReference; fileEncoding = 4; lastKnownFileType = sourcecode.c.h; path = AFURLResponseSerialization.h; sourceTree = "<group>"; };
		18F7F2501A21899700837440 /* AFURLResponseSerialization.m */ = {isa = PBXFileReference; fileEncoding = 4; lastKnownFileType = sourcecode.c.objc; path = AFURLResponseSerialization.m; sourceTree = "<group>"; };
		18F7F2511A21899700837440 /* AFURLSessionManager.h */ = {isa = PBXFileReference; fileEncoding = 4; lastKnownFileType = sourcecode.c.h; path = AFURLSessionManager.h; sourceTree = "<group>"; };
		18F7F2521A21899700837440 /* AFURLSessionManager.m */ = {isa = PBXFileReference; fileEncoding = 4; lastKnownFileType = sourcecode.c.objc; path = AFURLSessionManager.m; sourceTree = "<group>"; };
		18F8E1EB1AAAFAC900DB2EF4 /* YaoYiYaoController.h */ = {isa = PBXFileReference; fileEncoding = 4; lastKnownFileType = sourcecode.c.h; path = YaoYiYaoController.h; sourceTree = "<group>"; };
		18F8E1EC1AAAFAC900DB2EF4 /* YaoYiYaoController.m */ = {isa = PBXFileReference; fileEncoding = 4; lastKnownFileType = sourcecode.c.objc; path = YaoYiYaoController.m; sourceTree = "<group>"; };
/* End PBXFileReference section */

/* Begin PBXFrameworksBuildPhase section */
		18B59AE71A10C72600595A9E /* Frameworks */ = {
			isa = PBXFrameworksBuildPhase;
			buildActionMask = 2147483647;
			files = (
				18F21F061AB7090300CA292A /* libpingpp.a in Frameworks */,
				18F21EF71AB7070E00CA292A /* libc++.dylib in Frameworks */,
				18F21F031AB7090300CA292A /* AlipaySDK.framework in Frameworks */,
				18F21F051AB7090300CA292A /* libWeChatSDK.a in Frameworks */,
				18F21F041AB7090300CA292A /* libUPPayPlugin.a in Frameworks */,
				181BDB8A1AADE5230053062F /* AVFoundation.framework in Frameworks */,
				185725081AABE43D00A968A4 /* CoreBluetooth.framework in Frameworks */,
			);
			runOnlyForDeploymentPostprocessing = 0;
		};
		18B59B001A10C72600595A9E /* Frameworks */ = {
			isa = PBXFrameworksBuildPhase;
			buildActionMask = 2147483647;
			files = (
			);
			runOnlyForDeploymentPostprocessing = 0;
		};
/* End PBXFrameworksBuildPhase section */

/* Begin PBXGroup section */
		180A6B4E1A12F85800CFC19E /* Ibeacon类 */ = {
			isa = PBXGroup;
			children = (
				180A6B521A12F98400CFC19E /* NPDefaults.h */,
				180A6B531A12F98400CFC19E /* NPDefaults.m */,
			);
			name = "Ibeacon类";
			sourceTree = "<group>";
		};
		1819DD281A1B396300471F4C /* 我的收藏 */ = {
			isa = PBXGroup;
			children = (
				1819DD291A1B39A400471F4C /* MySelectController.h */,
				1819DD2A1A1B39A400471F4C /* MySelectController.m */,
			);
			name = "我的收藏";
			sourceTree = "<group>";
		};
		1821B2381A12053700083C3D /* imgs */ = {
			isa = PBXGroup;
			children = (
				18C74A591AB9241300253FA9 /* background@2x.png */,
				18C74A571AB91A0500253FA9 /* icon3@2x.png */,
				18C74A551AB919FC00253FA9 /* icon2@2x.png */,
				18C74A531AB919E100253FA9 /* icon1@2x.png */,
				18C74A491AB8FF8B00253FA9 /* beijinghaibao@2x.png */,
				187E3AC91AB877A600990766 /* minus@2x.png */,
				187E3AC51AB8769600990766 /* 加号@2x.png */,
				18EED8BA1AB84F6A00B229D9 /* test2@2x.png */,
				1854FA1F1AB56B0C000EDB81 /* headImage@2x.png */,
				1815BAE51AAEFF0600D3AD31 /* yaoyiyao@2x.png */,
				181BDB861AADE2540053062F /* yaoyiyao.mp3 */,
				182C64321A3752D00015C678 /* sousou@2x.png */,
				184BA64B1A32C06700837672 /* button_im8@2x.png */,
				184BA6491A32BF8F00837672 /* button_im7@2x.png */,
				184BA6471A32BEA500837672 /* button_im6@2x.png */,
				184BA6451A32BDD300837672 /* button_im5@2x.png */,
				184BA6431A32BCEF00837672 /* button_im4@2x.png */,
				184BA6411A32BB9200837672 /* button_im3@2x.png */,
				184BA63F1A32BA2100837672 /* button_im2@2x.png */,
				184BA63D1A32AE8100837672 /* button_im1@2x.png */,
				184BA6311A32A1B200837672 /* tabbar1@2x.png */,
				184BA62F1A32A0D000837672 /* tabbar2@2x.png */,
				18F3E3B71A2EFCF50046113D /* button_icon2@2x.png */,
				18F3E3B81A2EFCF50046113D /* button_icon1@2x.png */,
				18F3E3AC1A2EFCF40046113D /* app_item_bg.png */,
				18F3E3AD1A2EFCF50046113D /* app_item_pressed_bg.png */,
				18F3E3AE1A2EFCF50046113D /* 09999976.png */,
				18EC956F1A2C9A07003A093F /* shouye2@2x.png */,
				18EC956D1A2C991F003A093F /* shouye@2x.png */,
				180604BE1A25D2C100576525 /* favorite@2x.png */,
				180604BA1A25CE5E00576525 /* selected@2x.png */,
				181534261A1F509200FE3237 /* long_ad2@2x.PNG */,
				181534241A1F4FE800FE3237 /* long_ad.png */,
				181534161A1F4D2C00FE3237 /* bt_ad4.png */,
				181534171A1F4D2C00FE3237 /* bt_ad3.png */,
				181534181A1F4D2C00FE3237 /* bt_ad6.png */,
				181534191A1F4D2C00FE3237 /* bt_ad5.png */,
				1815341A1A1F4D2D00FE3237 /* bt_ad2.png */,
				1815341B1A1F4D2D00FE3237 /* bt_ad7.png */,
				1815341C1A1F4D2D00FE3237 /* bt_ad1.png */,
				184BA6391A32A9C800837672 /* bt_im1@2x.png */,
				181534141A1F31CB00FE3237 /* ad2@2x.png */,
				181534121A1F31C800FE3237 /* ad3@2x.png */,
				181534101A1F313000FE3237 /* ad@2x.png */,
				184BA6371A32A6DF00837672 /* searchIcon@2x.png */,
				1815340E1A1F28B500FE3237 /* test@2x.png */,
				185534471A1F1817004DB70F /* bt_img1@2x.png */,
				180A6B691A1385CE00CFC19E /* buttonImg2@2x.png */,
				180A6B671A13851000CFC19E /* phone@2x.png */,
				180A6B651A13844100CFC19E /* BuyButtonIMg@2x.png */,
				180A6B631A13842100CFC19E /* BuyButtonIMg.png */,
				180A6B611A13820700CFC19E /* headImg@2x.png */,
				184BA6331A32A20100837672 /* tabbar3@2x.png */,
				180A6B5C1A1347AE00CFC19E /* GG_3@2x.png */,
				180A6B571A133E8000CFC19E /* GG_price_log2.png */,
				180A6B551A133D7800CFC19E /* GG_price_log1@2x.png */,
				1821B23D1A1205A900083C3D /* GG_1@2x.png */,
				1821B23E1A1205A900083C3D /* GG_2@2x.png */,
			);
			path = imgs;
			sourceTree = "<group>";
		};
		1851A8DF1A2C579E00F3328B /* 店家商品列表 */ = {
			isa = PBXGroup;
			children = (
				1851A8E01A2C57F300F3328B /* NPShopListController.h */,
				1851A8E11A2C57F300F3328B /* NPShopListController.m */,
			);
			name = "店家商品列表";
			sourceTree = "<group>";
		};
		1854FA1B1AB5631D000EDB81 /* 抽屉视图 */ = {
			isa = PBXGroup;
			children = (
				1854FA1C1AB5635B000EDB81 /* YRSideViewController.h */,
				1854FA1D1AB5635B000EDB81 /* YRSideViewController.m */,
				1854FA211AB56FEA000EDB81 /* NPleftViewController.h */,
				1854FA221AB56FEA000EDB81 /* NPleftViewController.m */,
			);
			name = "抽屉视图";
			sourceTree = "<group>";
		};
		1855343D1A1F077F004DB70F /* 首页 */ = {
			isa = PBXGroup;
			children = (
				18F3E3A91A2EFCA30046113D /* NPHomeIconButton.h */,
				18F3E3AA1A2EFCA30046113D /* NPHomeIconButton.m */,
				1855343E1A1F07BE004DB70F /* MainPageController.h */,
				1855343F1A1F07BE004DB70F /* MainPageController.m */,
			);
			name = "首页";
			sourceTree = "<group>";
		};
		18B59AE11A10C72600595A9E = {
			isa = PBXGroup;
			children = (
				18C74A5B1AB9272C00253FA9 /* 订单查询 */,
				18EED8BC1AB8501200B229D9 /* 关于我们 */,
				18F21EED1AB705F500CA292A /* 支付功能 */,
				1854FA1B1AB5631D000EDB81 /* 抽屉视图 */,
				185725071AABE43D00A968A4 /* CoreBluetooth.framework */,
				181BDB891AADE5230053062F /* AVFoundation.framework */,
				18F3E3BB1A2EFCF50046113D /* 商家列表 */,
				1851A8DF1A2C579E00F3328B /* 店家商品列表 */,
				18F7F23F1A21899700837440 /* AFNetworking */,
				1855343D1A1F077F004DB70F /* 首页 */,
				1819DD281A1B396300471F4C /* 我的收藏 */,
				180A6B4E1A12F85800CFC19E /* Ibeacon类 */,
				1821B2381A12053700083C3D /* imgs */,
				18B59B131A10D25A00595A9E /* 附近的店铺 */,
				18B59AEC1A10C72600595A9E /* haoshihui */,
				18B59B061A10C72600595A9E /* haoshihuiTests */,
				18B59AEB1A10C72600595A9E /* Products */,
			);
			sourceTree = "<group>";
		};
		18B59AEB1A10C72600595A9E /* Products */ = {
			isa = PBXGroup;
			children = (
				18B59AEA1A10C72600595A9E /* haoshihui.app */,
				18B59B031A10C72600595A9E /* haoshihuiTests.xctest */,
			);
			name = Products;
			sourceTree = "<group>";
		};
		18B59AEC1A10C72600595A9E /* haoshihui */ = {
			isa = PBXGroup;
			children = (
				18B59AF11A10C72600595A9E /* AppDelegate.h */,
				18B59AF21A10C72600595A9E /* AppDelegate.m */,
				18B59AF41A10C72600595A9E /* ViewController.h */,
				18B59AF51A10C72600595A9E /* ViewController.m */,
				18B59AF71A10C72600595A9E /* Main.storyboard */,
				18B59AFA1A10C72600595A9E /* Images.xcassets */,
				18B59AFC1A10C72600595A9E /* LaunchScreen.xib */,
				18B59AED1A10C72600595A9E /* Supporting Files */,
			);
			path = haoshihui;
			sourceTree = "<group>";
		};
		18B59AED1A10C72600595A9E /* Supporting Files */ = {
			isa = PBXGroup;
			children = (
				18B59AEE1A10C72600595A9E /* Info.plist */,
				18B59AEF1A10C72600595A9E /* main.m */,
			);
			name = "Supporting Files";
			sourceTree = "<group>";
		};
		18B59B061A10C72600595A9E /* haoshihuiTests */ = {
			isa = PBXGroup;
			children = (
				18B59B091A10C72600595A9E /* new_positionTests.m */,
				18B59B071A10C72600595A9E /* Supporting Files */,
			);
			path = haoshihuiTests;
			sourceTree = "<group>";
		};
		18B59B071A10C72600595A9E /* Supporting Files */ = {
			isa = PBXGroup;
			children = (
				18B59B081A10C72600595A9E /* Info.plist */,
			);
			name = "Supporting Files";
			sourceTree = "<group>";
		};
		18B59B131A10D25A00595A9E /* 附近的店铺 */ = {
			isa = PBXGroup;
			children = (
				18F8E1EA1AAAFAAF00DB2EF4 /* 摇一摇 */,
				180A6B591A1342B700CFC19E /* UICustomLineLabel.h */,
				180A6B5A1A1342B700CFC19E /* UICustomLineLabel.m */,
				180A6B5E1A134DC600CFC19E /* NPDetailsPageController.h */,
				180A6B5F1A134DC600CFC19E /* NPDetailsPageController.m */,
				180604C01A25F0F300576525 /* NPTelephonModalityControllerView.h */,
				180604C11A25F0F300576525 /* NPTelephonModalityControllerView.m */,
				1851A8DC1A2C31D700F3328B /* NPSearchViewController.h */,
				1851A8DD1A2C31D700F3328B /* NPSearchViewController.m */,
			);
			name = "附近的店铺";
			sourceTree = "<group>";
		};
		18C74A5B1AB9272C00253FA9 /* 订单查询 */ = {
			isa = PBXGroup;
			children = (
				18C74A5C1AB927E500253FA9 /* NPChaXunDingDanController.h */,
				18C74A5D1AB927E500253FA9 /* NPChaXunDingDanController.m */,
				1810054C1AC035D10055C90A /* NPDetailBillController.h */,
				1810054D1AC035D10055C90A /* NPDetailBillController.m */,
			);
			name = "订单查询";
			sourceTree = "<group>";
		};
		18EED8BC1AB8501200B229D9 /* 关于我们 */ = {
			isa = PBXGroup;
			children = (
				18EED8C01AB850AC00B229D9 /* AboutUsController.h */,
				18EED8C11AB850AC00B229D9 /* AboutUsController.m */,
			);
			name = "关于我们";
			sourceTree = "<group>";
		};
		18F21EED1AB705F500CA292A /* 支付功能 */ = {
			isa = PBXGroup;
			children = (
				18F21EEE1AB7060D00CA292A /* 支付功能实现 */,
				18F384651AAC014500F52B3C /* 支付界面 */,
			);
			name = "支付功能";
			sourceTree = "<group>";
		};
		18F21EEE1AB7060D00CA292A /* 支付功能实现 */ = {
			isa = PBXGroup;
			children = (
				18F21EF91AB7090300CA292A /* lib */,
				18F21EF11AB7069D00CA292A /* 系统包 */,
			);
			name = "支付功能实现";
			sourceTree = "<group>";
		};
		18F21EF11AB7069D00CA292A /* 系统包 */ = {
			isa = PBXGroup;
			children = (
				18F21EF61AB7070E00CA292A /* libc++.dylib */,
				18F21EF41AB7070200CA292A /* Security.framework */,
				18F21EF21AB706F200CA292A /* SystemConfiguration.framework */,
				18F21EEF1AB7069300CA292A /* CFNetwork.framework */,
			);
			name = "系统包";
			sourceTree = "<group>";
		};
		18F21EF91AB7090300CA292A /* lib */ = {
			isa = PBXGroup;
			children = (
				18F21EFA1AB7090300CA292A /* Channels */,
				18F21EFF1AB7090300CA292A /* libpingpp.a */,
				18F21F001AB7090300CA292A /* Pingpp.bundle */,
				18F21F011AB7090300CA292A /* Pingpp.h */,
			);
			path = lib;
			sourceTree = "<group>";
		};
		18F21EFA1AB7090300CA292A /* Channels */ = {
			isa = PBXGroup;
			children = (
				18F21EFB1AB7090300CA292A /* AlipaySDK.bundle */,
				18F21EFC1AB7090300CA292A /* AlipaySDK.framework */,
				18F21EFD1AB7090300CA292A /* libUPPayPlugin.a */,
				18F21EFE1AB7090300CA292A /* libWeChatSDK.a */,
			);
			path = Channels;
			sourceTree = "<group>";
		};
		18F384651AAC014500F52B3C /* 支付界面 */ = {
			isa = PBXGroup;
			children = (
				18F384661AAC082500F52B3C /* NPPayBillController.h */,
				18F384671AAC082500F52B3C /* NPPayBillController.mm */,
			);
			name = "支付界面";
			sourceTree = "<group>";
		};
		18F3E3BB1A2EFCF50046113D /* 商家列表 */ = {
			isa = PBXGroup;
			children = (
				18F3E3BC1A2EFCF50046113D /* NPShopsController.h */,
				18F3E3BD1A2EFCF50046113D /* NPShopsController.m */,
			);
			name = "商家列表";
			sourceTree = "<group>";
		};
		18F7F23F1A21899700837440 /* AFNetworking */ = {
			isa = PBXGroup;
			children = (
				18F7F2401A21899700837440 /* AFHTTPRequestOperation.h */,
				18F7F2411A21899700837440 /* AFHTTPRequestOperation.m */,
				18F7F2421A21899700837440 /* AFHTTPRequestOperationManager.h */,
				18F7F2431A21899700837440 /* AFHTTPRequestOperationManager.m */,
				18F7F2441A21899700837440 /* AFHTTPSessionManager.h */,
				18F7F2451A21899700837440 /* AFHTTPSessionManager.m */,
				18F7F2461A21899700837440 /* AFNetworking.h */,
				18F7F2471A21899700837440 /* AFNetworkReachabilityManager.h */,
				18F7F2481A21899700837440 /* AFNetworkReachabilityManager.m */,
				18F7F2491A21899700837440 /* AFSecurityPolicy.h */,
				18F7F24A1A21899700837440 /* AFSecurityPolicy.m */,
				18F7F24B1A21899700837440 /* AFURLConnectionOperation.h */,
				18F7F24C1A21899700837440 /* AFURLConnectionOperation.m */,
				18F7F24D1A21899700837440 /* AFURLRequestSerialization.h */,
				18F7F24E1A21899700837440 /* AFURLRequestSerialization.m */,
				18F7F24F1A21899700837440 /* AFURLResponseSerialization.h */,
				18F7F2501A21899700837440 /* AFURLResponseSerialization.m */,
				18F7F2511A21899700837440 /* AFURLSessionManager.h */,
				18F7F2521A21899700837440 /* AFURLSessionManager.m */,
			);
			path = AFNetworking;
			sourceTree = "<group>";
		};
		18F8E1EA1AAAFAAF00DB2EF4 /* 摇一摇 */ = {
			isa = PBXGroup;
			children = (
				18B59B141A10D31700595A9E /* NPTheShopsNearController.h */,
				18B59B151A10D31700595A9E /* NPTheShopsNearController.m */,
				18F8E1EB1AAAFAC900DB2EF4 /* YaoYiYaoController.h */,
				18F8E1EC1AAAFAC900DB2EF4 /* YaoYiYaoController.m */,
			);
			name = "摇一摇";
			sourceTree = "<group>";
		};
/* End PBXGroup section */

/* Begin PBXNativeTarget section */
		18B59AE91A10C72600595A9E /* haoshihui */ = {
			isa = PBXNativeTarget;
			buildConfigurationList = 18B59B0D1A10C72600595A9E /* Build configuration list for PBXNativeTarget "haoshihui" */;
			buildPhases = (
				18B59AE61A10C72600595A9E /* Sources */,
				18B59AE71A10C72600595A9E /* Frameworks */,
				18B59AE81A10C72600595A9E /* Resources */,
			);
			buildRules = (
			);
			dependencies = (
			);
			name = haoshihui;
			productName = "new position";
			productReference = 18B59AEA1A10C72600595A9E /* haoshihui.app */;
			productType = "com.apple.product-type.application";
		};
		18B59B021A10C72600595A9E /* haoshihuiTests */ = {
			isa = PBXNativeTarget;
			buildConfigurationList = 18B59B101A10C72600595A9E /* Build configuration list for PBXNativeTarget "haoshihuiTests" */;
			buildPhases = (
				18B59AFF1A10C72600595A9E /* Sources */,
				18B59B001A10C72600595A9E /* Frameworks */,
				18B59B011A10C72600595A9E /* Resources */,
			);
			buildRules = (
			);
			dependencies = (
				18B59B051A10C72600595A9E /* PBXTargetDependency */,
			);
			name = haoshihuiTests;
			productName = "new positionTests";
			productReference = 18B59B031A10C72600595A9E /* haoshihuiTests.xctest */;
			productType = "com.apple.product-type.bundle.unit-test";
		};
/* End PBXNativeTarget section */

/* Begin PBXProject section */
		18B59AE21A10C72600595A9E /* Project object */ = {
			isa = PBXProject;
			attributes = {
				LastUpgradeCheck = 0610;
				ORGANIZATIONNAME = NP;
				TargetAttributes = {
					18B59AE91A10C72600595A9E = {
						CreatedOnToolsVersion = 6.1;
					};
					18B59B021A10C72600595A9E = {
						CreatedOnToolsVersion = 6.1;
						TestTargetID = 18B59AE91A10C72600595A9E;
					};
				};
			};
			buildConfigurationList = 18B59AE51A10C72600595A9E /* Build configuration list for PBXProject "haoshihui" */;
			compatibilityVersion = "Xcode 3.2";
			developmentRegion = English;
			hasScannedForEncodings = 0;
			knownRegions = (
				en,
				Base,
			);
			mainGroup = 18B59AE11A10C72600595A9E;
			productRefGroup = 18B59AEB1A10C72600595A9E /* Products */;
			projectDirPath = "";
			projectRoot = "";
			targets = (
				18B59AE91A10C72600595A9E /* haoshihui */,
				18B59B021A10C72600595A9E /* haoshihuiTests */,
			);
		};
/* End PBXProject section */

/* Begin PBXResourcesBuildPhase section */
		18B59AE81A10C72600595A9E /* Resources */ = {
			isa = PBXResourcesBuildPhase;
			buildActionMask = 2147483647;
			files = (
				181534251A1F4FE800FE3237 /* long_ad.png in Resources */,
				185534481A1F1817004DB70F /* bt_img1@2x.png in Resources */,
				180A6B5D1A1347AE00CFC19E /* GG_3@2x.png in Resources */,
				180A6B621A13820700CFC19E /* headImg@2x.png in Resources */,
				180A6B641A13842100CFC19E /* BuyButtonIMg.png in Resources */,
				184BA6401A32BA2100837672 /* button_im2@2x.png in Resources */,
				18F3E3BA1A2EFCF50046113D /* button_icon1@2x.png in Resources */,
				18F3E3B11A2EFCF50046113D /* 09999976.png in Resources */,
				187E3ACA1AB877A600990766 /* minus@2x.png in Resources */,
				1854FA201AB56B0C000EDB81 /* headImage@2x.png in Resources */,
				18C74A5A1AB9241300253FA9 /* background@2x.png in Resources */,
				184BA6461A32BDD300837672 /* button_im5@2x.png in Resources */,
				181534211A1F4D2D00FE3237 /* bt_ad2.png in Resources */,
				184BA6441A32BCEF00837672 /* button_im4@2x.png in Resources */,
				180A6B661A13844100CFC19E /* BuyButtonIMg@2x.png in Resources */,
				181534221A1F4D2D00FE3237 /* bt_ad7.png in Resources */,
				184BA6341A32A20100837672 /* tabbar3@2x.png in Resources */,
				184BA63A1A32A9C800837672 /* bt_im1@2x.png in Resources */,
				1815341D1A1F4D2D00FE3237 /* bt_ad4.png in Resources */,
				1821B23F1A1205A900083C3D /* GG_1@2x.png in Resources */,
				18F3E3B91A2EFCF50046113D /* button_icon2@2x.png in Resources */,
				181534231A1F4D2D00FE3237 /* bt_ad1.png in Resources */,
				1815340F1A1F28B500FE3237 /* test@2x.png in Resources */,
				184BA6421A32BB9200837672 /* button_im3@2x.png in Resources */,
				181534131A1F31C800FE3237 /* ad3@2x.png in Resources */,
				18B59AF91A10C72600595A9E /* Main.storyboard in Resources */,
				18C74A541AB919E100253FA9 /* icon1@2x.png in Resources */,
				18EC95701A2C9A07003A093F /* shouye2@2x.png in Resources */,
				181534271A1F509200FE3237 /* long_ad2@2x.PNG in Resources */,
				18EC956E1A2C991F003A093F /* shouye@2x.png in Resources */,
				18F3E3B01A2EFCF50046113D /* app_item_pressed_bg.png in Resources */,
				180A6B581A133E8000CFC19E /* GG_price_log2.png in Resources */,
				18B59AFE1A10C72600595A9E /* LaunchScreen.xib in Resources */,
				184BA64C1A32C06700837672 /* button_im8@2x.png in Resources */,
				184BA63E1A32AE8100837672 /* button_im1@2x.png in Resources */,
				180A6B561A133D7800CFC19E /* GG_price_log1@2x.png in Resources */,
				1815341F1A1F4D2D00FE3237 /* bt_ad6.png in Resources */,
				180604BF1A25D2C100576525 /* favorite@2x.png in Resources */,
				184BA6481A32BEA500837672 /* button_im6@2x.png in Resources */,
				18F21F021AB7090300CA292A /* AlipaySDK.bundle in Resources */,
				181534201A1F4D2D00FE3237 /* bt_ad5.png in Resources */,
				18C74A4A1AB8FF8B00253FA9 /* beijinghaibao@2x.png in Resources */,
				18F21F071AB7090300CA292A /* Pingpp.bundle in Resources */,
				181534111A1F313000FE3237 /* ad@2x.png in Resources */,
				180604BB1A25CE5E00576525 /* selected@2x.png in Resources */,
				187E3AC61AB8769600990766 /* 加号@2x.png in Resources */,
				184BA6301A32A0D000837672 /* tabbar2@2x.png in Resources */,
				184BA64A1A32BF8F00837672 /* button_im7@2x.png in Resources */,
				18EED8BB1AB84F6A00B229D9 /* test2@2x.png in Resources */,
				18C74A581AB91A0500253FA9 /* icon3@2x.png in Resources */,
				1815BAE61AAEFF0600D3AD31 /* yaoyiyao@2x.png in Resources */,
				18F3E3AF1A2EFCF50046113D /* app_item_bg.png in Resources */,
				1815341E1A1F4D2D00FE3237 /* bt_ad3.png in Resources */,
				1821B2401A1205A900083C3D /* GG_2@2x.png in Resources */,
				181534151A1F31CB00FE3237 /* ad2@2x.png in Resources */,
				184BA6321A32A1B200837672 /* tabbar1@2x.png in Resources */,
				18B59AFB1A10C72600595A9E /* Images.xcassets in Resources */,
				182C64331A3752D00015C678 /* sousou@2x.png in Resources */,
				184BA6381A32A6DF00837672 /* searchIcon@2x.png in Resources */,
				180A6B681A13851000CFC19E /* phone@2x.png in Resources */,
				18C74A561AB919FC00253FA9 /* icon2@2x.png in Resources */,
				181BDB871AADE2540053062F /* yaoyiyao.mp3 in Resources */,
				180A6B6A1A1385CE00CFC19E /* buttonImg2@2x.png in Resources */,
			);
			runOnlyForDeploymentPostprocessing = 0;
		};
		18B59B011A10C72600595A9E /* Resources */ = {
			isa = PBXResourcesBuildPhase;
			buildActionMask = 2147483647;
			files = (
			);
			runOnlyForDeploymentPostprocessing = 0;
		};
/* End PBXResourcesBuildPhase section */

/* Begin PBXSourcesBuildPhase section */
		18B59AE61A10C72600595A9E /* Sources */ = {
			isa = PBXSourcesBuildPhase;
			buildActionMask = 2147483647;
			files = (
				18F7F2571A21899700837440 /* AFSecurityPolicy.m in Sources */,
				18F384681AAC082500F52B3C /* NPPayBillController.mm in Sources */,
				18B59AF61A10C72600595A9E /* ViewController.m in Sources */,
				18C74A5E1AB927E500253FA9 /* NPChaXunDingDanController.m in Sources */,
				18F7F2561A21899700837440 /* AFNetworkReachabilityManager.m in Sources */,
				1819DD2B1A1B39A400471F4C /* MySelectController.m in Sources */,
				18F7F2581A21899700837440 /* AFURLConnectionOperation.m in Sources */,
				1851A8E21A2C57F300F3328B /* NPShopListController.m in Sources */,
				18F7F2531A21899700837440 /* AFHTTPRequestOperation.m in Sources */,
				18F3E3AB1A2EFCA30046113D /* NPHomeIconButton.m in Sources */,
				1851A8DE1A2C31D700F3328B /* NPSearchViewController.m in Sources */,
				18F7F2551A21899700837440 /* AFHTTPSessionManager.m in Sources */,
				18F7F2591A21899700837440 /* AFURLRequestSerialization.m in Sources */,
				185534401A1F07BE004DB70F /* MainPageController.m in Sources */,
				1854FA231AB56FEA000EDB81 /* NPleftViewController.m in Sources */,
				1810054E1AC035D10055C90A /* NPDetailBillController.m in Sources */,
				18F7F25B1A21899700837440 /* AFURLSessionManager.m in Sources */,
				180A6B5B1A1342B700CFC19E /* UICustomLineLabel.m in Sources */,
				18F7F2541A21899700837440 /* AFHTTPRequestOperationManager.m in Sources */,
				18EED8C21AB850AC00B229D9 /* AboutUsController.m in Sources */,
				18F8E1ED1AAAFAC900DB2EF4 /* YaoYiYaoController.m in Sources */,
				18B59AF31A10C72600595A9E /* AppDelegate.m in Sources */,
				18F3E3BE1A2EFCF50046113D /* NPShopsController.m in Sources */,
				18F7F25A1A21899700837440 /* AFURLResponseSerialization.m in Sources */,
				18B59AF01A10C72600595A9E /* main.m in Sources */,
				18B59B161A10D31700595A9E /* NPTheShopsNearController.m in Sources */,
				1854FA1E1AB5635B000EDB81 /* YRSideViewController.m in Sources */,
				180A6B601A134DC600CFC19E /* NPDetailsPageController.m in Sources */,
				180A6B541A12F98400CFC19E /* NPDefaults.m in Sources */,
				180604C21A25F0F300576525 /* NPTelephonModalityControllerView.m in Sources */,
			);
			runOnlyForDeploymentPostprocessing = 0;
		};
		18B59AFF1A10C72600595A9E /* Sources */ = {
			isa = PBXSourcesBuildPhase;
			buildActionMask = 2147483647;
			files = (
				18B59B0A1A10C72600595A9E /* new_positionTests.m in Sources */,
			);
			runOnlyForDeploymentPostprocessing = 0;
		};
/* End PBXSourcesBuildPhase section */

/* Begin PBXTargetDependency section */
		18B59B051A10C72600595A9E /* PBXTargetDependency */ = {
			isa = PBXTargetDependency;
			target = 18B59AE91A10C72600595A9E /* haoshihui */;
			targetProxy = 18B59B041A10C72600595A9E /* PBXContainerItemProxy */;
		};
/* End PBXTargetDependency section */

/* Begin PBXVariantGroup section */
		18B59AF71A10C72600595A9E /* Main.storyboard */ = {
			isa = PBXVariantGroup;
			children = (
				18B59AF81A10C72600595A9E /* Base */,
			);
			name = Main.storyboard;
			sourceTree = "<group>";
		};
		18B59AFC1A10C72600595A9E /* LaunchScreen.xib */ = {
			isa = PBXVariantGroup;
			children = (
				18B59AFD1A10C72600595A9E /* Base */,
			);
			name = LaunchScreen.xib;
			sourceTree = "<group>";
		};
/* End PBXVariantGroup section */

/* Begin XCBuildConfiguration section */
		18B59B0B1A10C72600595A9E /* Debug */ = {
			isa = XCBuildConfiguration;
			buildSettings = {
				ALWAYS_SEARCH_USER_PATHS = NO;
				CLANG_CXX_LANGUAGE_STANDARD = "gnu++0x";
				CLANG_CXX_LIBRARY = "libc++";
				CLANG_ENABLE_MODULES = YES;
				CLANG_ENABLE_OBJC_ARC = YES;
				CLANG_WARN_BOOL_CONVERSION = YES;
				CLANG_WARN_CONSTANT_CONVERSION = YES;
				CLANG_WARN_DIRECT_OBJC_ISA_USAGE = YES_ERROR;
				CLANG_WARN_EMPTY_BODY = YES;
				CLANG_WARN_ENUM_CONVERSION = YES;
				CLANG_WARN_INT_CONVERSION = YES;
				CLANG_WARN_OBJC_ROOT_CLASS = YES_ERROR;
				CLANG_WARN_UNREACHABLE_CODE = YES;
				CLANG_WARN__DUPLICATE_METHOD_MATCH = YES;
				"CODE_SIGN_IDENTITY[sdk=iphoneos*]" = "iPhone Developer";
				COPY_PHASE_STRIP = NO;
				ENABLE_STRICT_OBJC_MSGSEND = YES;
				GCC_C_LANGUAGE_STANDARD = gnu99;
				GCC_DYNAMIC_NO_PIC = NO;
				GCC_OPTIMIZATION_LEVEL = 0;
				GCC_PREPROCESSOR_DEFINITIONS = (
					"DEBUG=1",
					"$(inherited)",
				);
				GCC_SYMBOLS_PRIVATE_EXTERN = NO;
				GCC_WARN_64_TO_32_BIT_CONVERSION = YES;
				GCC_WARN_ABOUT_RETURN_TYPE = YES_ERROR;
				GCC_WARN_UNDECLARED_SELECTOR = YES;
				GCC_WARN_UNINITIALIZED_AUTOS = YES_AGGRESSIVE;
				GCC_WARN_UNUSED_FUNCTION = YES;
				GCC_WARN_UNUSED_VARIABLE = YES;
				IPHONEOS_DEPLOYMENT_TARGET = 8.1;
				MTL_ENABLE_DEBUG_INFO = YES;
				ONLY_ACTIVE_ARCH = YES;
				SDKROOT = iphoneos;
				TARGETED_DEVICE_FAMILY = "1,2";
			};
			name = Debug;
		};
		18B59B0C1A10C72600595A9E /* Release */ = {
			isa = XCBuildConfiguration;
			buildSettings = {
				ALWAYS_SEARCH_USER_PATHS = NO;
				CLANG_CXX_LANGUAGE_STANDARD = "gnu++0x";
				CLANG_CXX_LIBRARY = "libc++";
				CLANG_ENABLE_MODULES = YES;
				CLANG_ENABLE_OBJC_ARC = YES;
				CLANG_WARN_BOOL_CONVERSION = YES;
				CLANG_WARN_CONSTANT_CONVERSION = YES;
				CLANG_WARN_DIRECT_OBJC_ISA_USAGE = YES_ERROR;
				CLANG_WARN_EMPTY_BODY = YES;
				CLANG_WARN_ENUM_CONVERSION = YES;
				CLANG_WARN_INT_CONVERSION = YES;
				CLANG_WARN_OBJC_ROOT_CLASS = YES_ERROR;
				CLANG_WARN_UNREACHABLE_CODE = YES;
				CLANG_WARN__DUPLICATE_METHOD_MATCH = YES;
				"CODE_SIGN_IDENTITY[sdk=iphoneos*]" = "iPhone Developer";
				COPY_PHASE_STRIP = YES;
				ENABLE_NS_ASSERTIONS = NO;
				ENABLE_STRICT_OBJC_MSGSEND = YES;
				GCC_C_LANGUAGE_STANDARD = gnu99;
				GCC_WARN_64_TO_32_BIT_CONVERSION = YES;
				GCC_WARN_ABOUT_RETURN_TYPE = YES_ERROR;
				GCC_WARN_UNDECLARED_SELECTOR = YES;
				GCC_WARN_UNINITIALIZED_AUTOS = YES_AGGRESSIVE;
				GCC_WARN_UNUSED_FUNCTION = YES;
				GCC_WARN_UNUSED_VARIABLE = YES;
				IPHONEOS_DEPLOYMENT_TARGET = 8.1;
				MTL_ENABLE_DEBUG_INFO = NO;
				SDKROOT = iphoneos;
				TARGETED_DEVICE_FAMILY = "1,2";
				VALIDATE_PRODUCT = YES;
			};
			name = Release;
		};
		18B59B0E1A10C72600595A9E /* Debug */ = {
			isa = XCBuildConfiguration;
			buildSettings = {
				ASSETCATALOG_COMPILER_APPICON_NAME = AppIcon;
				FRAMEWORK_SEARCH_PATHS = (
					"$(inherited)",
					"$(PROJECT_DIR)/lib/Channels",
				);
				INFOPLIST_FILE = haoshihui/Info.plist;
				LD_RUNPATH_SEARCH_PATHS = "$(inherited) @executable_path/Frameworks";
				LIBRARY_SEARCH_PATHS = (
					"$(inherited)",
					"$(PROJECT_DIR)/lib/Channels",
					"$(PROJECT_DIR)/lib",
				);
				OTHER_LDFLAGS = "-ObjC";
				PRODUCT_NAME = haoshihui;
				PROVISIONING_PROFILE = "";
			};
			name = Debug;
		};
		18B59B0F1A10C72600595A9E /* Release */ = {
			isa = XCBuildConfiguration;
			buildSettings = {
				ASSETCATALOG_COMPILER_APPICON_NAME = AppIcon;
				FRAMEWORK_SEARCH_PATHS = (
					"$(inherited)",
					"$(PROJECT_DIR)/lib/Channels",
				);
				INFOPLIST_FILE = haoshihui/Info.plist;
				LD_RUNPATH_SEARCH_PATHS = "$(inherited) @executable_path/Frameworks";
				LIBRARY_SEARCH_PATHS = (
					"$(inherited)",
					"$(PROJECT_DIR)/lib/Channels",
					"$(PROJECT_DIR)/lib",
				);
				OTHER_LDFLAGS = "-ObjC";
				PRODUCT_NAME = haoshihui;
				PROVISIONING_PROFILE = "";
			};
			name = Release;
		};
		18B59B111A10C72600595A9E /* Debug */ = {
			isa = XCBuildConfiguration;
			buildSettings = {
				BUNDLE_LOADER = "$(TEST_HOST)";
				FRAMEWORK_SEARCH_PATHS = (
					"$(SDKROOT)/Developer/Library/Frameworks",
					"$(inherited)",
				);
				GCC_PREPROCESSOR_DEFINITIONS = (
					"DEBUG=1",
					"$(inherited)",
				);
				INFOPLIST_FILE = haoshihui/Info.plist;
				LD_RUNPATH_SEARCH_PATHS = "$(inherited) @executable_path/Frameworks @loader_path/Frameworks";
				PRODUCT_NAME = haoshihuiTests;
				TEST_HOST = "$(BUILT_PRODUCTS_DIR)/haoshihui.app/haoshihui";
			};
			name = Debug;
		};
		18B59B121A10C72600595A9E /* Release */ = {
			isa = XCBuildConfiguration;
			buildSettings = {
				BUNDLE_LOADER = "$(TEST_HOST)";
				FRAMEWORK_SEARCH_PATHS = (
					"$(SDKROOT)/Developer/Library/Frameworks",
					"$(inherited)",
				);
				INFOPLIST_FILE = haoshihui/Info.plist;
				LD_RUNPATH_SEARCH_PATHS = "$(inherited) @executable_path/Frameworks @loader_path/Frameworks";
				PRODUCT_NAME = haoshihuiTests;
				TEST_HOST = "$(BUILT_PRODUCTS_DIR)/haoshihui.app/haoshihui";
			};
			name = Release;
		};
/* End XCBuildConfiguration section */

/* Begin XCConfigurationList section */
		18B59AE51A10C72600595A9E /* Build configuration list for PBXProject "haoshihui" */ = {
			isa = XCConfigurationList;
			buildConfigurations = (
				18B59B0B1A10C72600595A9E /* Debug */,
				18B59B0C1A10C72600595A9E /* Release */,
			);
			defaultConfigurationIsVisible = 0;
			defaultConfigurationName = Release;
		};
		18B59B0D1A10C72600595A9E /* Build configuration list for PBXNativeTarget "haoshihui" */ = {
			isa = XCConfigurationList;
			buildConfigurations = (
				18B59B0E1A10C72600595A9E /* Debug */,
				18B59B0F1A10C72600595A9E /* Release */,
			);
			defaultConfigurationIsVisible = 0;
			defaultConfigurationName = Release;
		};
		18B59B101A10C72600595A9E /* Build configuration list for PBXNativeTarget "haoshihuiTests" */ = {
			isa = XCConfigurationList;
			buildConfigurations = (
				18B59B111A10C72600595A9E /* Debug */,
				18B59B121A10C72600595A9E /* Release */,
			);
			defaultConfigurationIsVisible = 0;
			defaultConfigurationName = Release;
		};
/* End XCConfigurationList section */
	};
	rootObject = 18B59AE21A10C72600595A9E /* Project object */;
}
